
Microsoft Visual Studio Solution File, Format Version 12.00
# Visual Studio Version 17
VisualStudioVersion = 17.7.34202.233
MinimumVisualStudioVersion = 10.0.40219.1
Project("{FAE04EC0-301F-11D3-BF4B-00C04F79EFBC}") = "Console_setup", "Console_setup.csproj", "{9B23AD64-55A3-400F-A0DB-DFD10470B51E}"
EndProject
Global
	GlobalSection(SolutionConfigurationPlatforms) = preSolution
		Debug|Any CPU = Debug|Any CPU
		Release|Any CPU = Release|Any CPU
	EndGlobalSection
	GlobalSection(ProjectConfigurationPlatforms) = postSolution
		{9B23AD64-55A3-400F-A0DB-DFD10470B51E}.Debug|Any CPU.ActiveCfg = Debug|Any CPU
		{9B23AD64-55A3-400F-A0DB-DFD10470B51E}.Debug|Any CPU.Build.0 = Debug|Any CPU
		{9B23AD64-55A3-400F-A0DB-DFD10470B51E}.Release|Any CPU.ActiveCfg = Release|Any CPU
		{9B23AD64-55A3-400F-A0DB-DFD10470B51E}.Release|Any CPU.Build.0 = Release|Any CPU
	EndGlobalSection
	GlobalSection(SolutionProperties) = preSolution
		HideSolutionNode = FALSE
	EndGlobalSection
	GlobalSection(ExtensibilityGlobals) = postSolution
		SolutionGuid = {CF028750-205F-44EF-A94A-C7D6CD53D651}
	EndGlobalSection
EndGlobal
